{
  "name": "Oberon0-Rust",
  "lockfileVersion": 3,
  "requires": true,
  "packages": {
    "": {
      "devDependencies": {
        "prettier": "^3.9.6",
        "prettier-plugin-toml": "^3.0.0"
      }
    },
    "node_modules/@dual-bundle/import-meta-resolve": {
      "version": "4.2.1",
      "resolved": "https://registry.npmjs.org/@dual-bundle/import-meta-resolve/-/import-meta-resolve-4.2.1.tgz",
      "integrity": "sha512-id+7YRUgoUX6CgV0DtuhirQWodeeA7Lf4i2x71JS/vtA5pRb/hIGWlw+G6MeXvsM+MXrz0VAydTGElX1rAfgPg==",
      "dev": true,
      "license": "MIT",
      "funding": {
        "type": "github",
        "url": "https://github.com/sponsors/JounQin"
      }
    },
    "node_modules/@tombi-toml/wasm-lib": {
      "version": "1.7.2",
      "resolved": "https://registry.npmjs.org/@tombi-toml/wasm-lib/-/wasm-lib-1.7.2.tgz",
      "integrity": "sha512-C+XChvcJf797btQPbtDLldu10qp06jZcMqk9KYG8P8HSWDx0Y3gRumSpq2gO7l8G1TeAsVHBLnxtR+0DBgt2Mw==",
      "dev": true
    },
    "node_modules/prettier": {
      "version": "3.9.6",
      "resolved": "https://registry.npmjs.org/prettier/-/prettier-3.9.6.tgz",
      "integrity": "sha512-OpN0zzVdiaiAhxpuuj5efpIS4sY9j7bY6uR5mnj5yPzGkdkjNKSJeUThPb60Jw29QuAZgA4o+/iB49kFiaBX6g==",
      "dev": true,
      "license": "MIT",
      "bin": {
        "prettier": "bin/prettier.cjs"
      },
      "engines": {
        "node": ">=14"
      },
      "funding": {
        "url": "https://github.com/prettier/prettier?sponsor=1"
      }
    },
    "node_modules/prettier-plugin-toml": {
      "version": "3.0.2",
      "resolved": "https://registry.npmjs.org/prettier-plugin-toml/-/prettier-plugin-toml-3.0.2.tgz",
      "integrity": "sha512-1t1FOSGaXNy7xN6ffE7ND71VqsnbUtanGEKAD1hTwFDrGIH1cwZ0KH6lMThDVItjdV/UUJWqD3f1+16AHG3eUQ==",
      "dev": true,
      "license": "MIT",
      "dependencies": {
        "@dual-bundle/import-meta-resolve": "^4.2.1",
        "@tombi-toml/wasm-lib": "^1.5.5",
        "smol-toml": "^1.8.0"
      },
      "engines": {
        "node": ">=18.0.0"
      },
      "funding": {
        "url": "https://opencollective.com/unts"
      },
      "peerDependencies": {
        "prettier": "^3.0.3"
      }
    },
    "node_modules/smol-toml": {
      "version": "1.9.0",
      "resolved": "https://registry.npmjs.org/smol-toml/-/smol-toml-1.9.0.tgz",
      "integrity": "sha512-hpd+HLON7HdZXqYchMM/+LaTTbdK0AU3NngIJ4KVyWbY9bfQqdL9cD+4yf6dUoU2Ap4VsU0JkQi6FxAI1B2mXQ==",
      "dev": true,
      "license": "BSD-3-Clause",
      "engines": {
        "node": ">= 18"
      },
      "funding": {
        "url": "https://github.com/sponsors/cyyynthia"
      }
    }
  }
}
